
Microsoft Visual Studio Solution File, Format Version 12.00
# Visual Studio 2012
VisualStudioVersion = 12.0.31101.0
MinimumVisualStudioVersion = 10.0.40219.1
Project("{FAE04EC0-301F-11D3-BF4B-00C04F79EFBC}") = "WhatDayPCL", "WhatDayPCL.csproj", "{7856EE61-CC3D-4D70-A895-1E82E36E575F}"
EndProject
Project("{FAE04EC0-301F-11D3-BF4B-00C04F79EFBC}") = "WhatDayPCL.iOS", "..\WhatDayPCL.iOS\WhatDayPCL.iOS.csproj", "{0BE64460-67BA-4C70-96BF-44D30E92A8EF}"
EndProject
Project("{FAE04EC0-301F-11D3-BF4B-00C04F79EFBC}") = "WhatDayPCL.Droid", "..\WhatDayPCL.Droid\WhatDayPCL.Droid.csproj", "{6C784F39-45A1-49CE-AE3E-4D69CBE9FAA1}"
EndProject
Project("{FAE04EC0-301F-11D3-BF4B-00C04F79EFBC}") = "WhatDayPCL.WinPhone", "..\WhatDayPCL.WinPhone\WhatDayPCL.WinPhone.csproj", "{59C5393A-6D73-4FD0-9731-2674274B964A}"
EndProject
Global
	GlobalSection(SolutionConfigurationPlatforms) = preSolution
		Ad-Hoc|Any CPU = Ad-Hoc|Any CPU
		Ad-Hoc|ARM = Ad-Hoc|ARM
		Ad-Hoc|iPhone = Ad-Hoc|iPhone
		Ad-Hoc|iPhoneSimulator = Ad-Hoc|iPhoneSimulator
		Ad-Hoc|x86 = Ad-Hoc|x86
		AppStore|Any CPU = AppStore|Any CPU
		AppStore|ARM = AppStore|ARM
		AppStore|iPhone = AppStore|iPhone
		AppStore|iPhoneSimulator = AppStore|iPhoneSimulator
		AppStore|x86 = AppStore|x86
		Debug|Any CPU = Debug|Any CPU
		Debug|ARM = Debug|ARM
		Debug|iPhone = Debug|iPhone
		Debug|iPhoneSimulator = Debug|iPhoneSimulator
		Debug|x86 = Debug|x86
		Release|Any CPU = Release|Any CPU
		Release|ARM = Release|ARM
		Release|iPhone = Release|iPhone
		Release|iPhoneSimulator = Release|iPhoneSimulator
		Release|x86 = Release|x86
	EndGlobalSection
	GlobalSection(ProjectConfigurationPlatforms) = postSolution
		{0BE64460-67BA-4C70-96BF-44D30E92A8EF}.Ad-Hoc|Any CPU.ActiveCfg = Ad-Hoc|iPhone
		{0BE64460-67BA-4C70-96BF-44D30E92A8EF}.Ad-Hoc|ARM.ActiveCfg = Ad-Hoc|iPhone
		{0BE64460-67BA-4C70-96BF-44D30E92A8EF}.Ad-Hoc|iPhone.ActiveCfg = Ad-Hoc|iPhone
		{0BE64460-67BA-4C70-96BF-44D30E92A8EF}.Ad-Hoc|iPhone.Build.0 = Ad-Hoc|iPhone
		{0BE64460-67BA-4C70-96BF-44D30E92A8EF}.Ad-Hoc|iPhoneSimulator.ActiveCfg = Ad-Hoc|iPhone
		{0BE64460-67BA-4C70-96BF-44D30E92A8EF}.Ad-Hoc|x86.ActiveCfg = Ad-Hoc|iPhone
		{0BE64460-67BA-4C70-96BF-44D30E92A8EF}.AppStore|Any CPU.ActiveCfg = AppStore|iPhone
		{0BE64460-67BA-4C70-96BF-44D30E92A8EF}.AppStore|ARM.ActiveCfg = AppStore|iPhone
		{0BE64460-67BA-4C70-96BF-44D30E92A8EF}.AppStore|iPhone.ActiveCfg = AppStore|iPhone
		{0BE64460-67BA-4C70-96BF-44D30E92A8EF}.AppStore|iPhone.Build.0 = AppStore|iPhone
		{0BE64460-67BA-4C70-96BF-44D30E92A8EF}.AppStore|iPhoneSimulator.ActiveCfg = AppStore|iPhone
		{0BE64460-67BA-4C70-96BF-44D30E92A8EF}.AppStore|x86.ActiveCfg = AppStore|iPhone
		{0BE64460-67BA-4C70-96BF-44D30E92A8EF}.Debug|Any CPU.ActiveCfg = Debug|iPhoneSimulator
		{0BE64460-67BA-4C70-96BF-44D30E92A8EF}.Debug|Any CPU.Build.0 = Debug|iPhoneSimulator
		{0BE64460-67BA-4C70-96BF-44D30E92A8EF}.Debug|ARM.ActiveCfg = Debug|iPhone
		{0BE64460-67BA-4C70-96BF-44D30E92A8EF}.Debug|iPhone.ActiveCfg = Debug|iPhone
		{0BE64460-67BA-4C70-96BF-44D30E92A8EF}.Debug|iPhone.Build.0 = Debug|iPhone
		{0BE64460-67BA-4C70-96BF-44D30E92A8EF}.Debug|iPhoneSimulator.ActiveCfg = Debug|iPhoneSimulator
		{0BE64460-67BA-4C70-96BF-44D30E92A8EF}.Debug|iPhoneSimulator.Build.0 = Debug|iPhoneSimulator
		{0BE64460-67BA-4C70-96BF-44D30E92A8EF}.Debug|x86.ActiveCfg = Debug|iPhone
		{0BE64460-67BA-4C70-96BF-44D30E92A8EF}.Release|Any CPU.ActiveCfg = Release|iPhoneSimulator
		{0BE64460-67BA-4C70-96BF-44D30E92A8EF}.Release|Any CPU.Build.0 = Release|iPhoneSimulator
		{0BE64460-67BA-4C70-96BF-44D30E92A8EF}.Release|ARM.ActiveCfg = Release|iPhone
		{0BE64460-67BA-4C70-96BF-44D30E92A8EF}.Release|iPhone.ActiveCfg = Release|iPhone
		{0BE64460-67BA-4C70-96BF-44D30E92A8EF}.Release|iPhone.Build.0 = Release|iPhone
		{0BE64460-67BA-4C70-96BF-44D30E92A8EF}.Release|iPhoneSimulator.ActiveCfg = Release|iPhoneSimulator
		{0BE64460-67BA-4C70-96BF-44D30E92A8EF}.Release|iPhoneSimulator.Build.0 = Release|iPhoneSimulator
		{0BE64460-67BA-4C70-96BF-44D30E92A8EF}.Release|x86.ActiveCfg = Release|iPhone
		{59C5393A-6D73-4FD0-9731-2674274B964A}.Ad-Hoc|Any CPU.ActiveCfg = Release|Any CPU
		{59C5393A-6D73-4FD0-9731-2674274B964A}.Ad-Hoc|Any CPU.Build.0 = Release|Any CPU
		{59C5393A-6D73-4FD0-9731-2674274B964A}.Ad-Hoc|Any CPU.Deploy.0 = Release|Any CPU
		{59C5393A-6D73-4FD0-9731-2674274B964A}.Ad-Hoc|ARM.ActiveCfg = Release|ARM
		{59C5393A-6D73-4FD0-9731-2674274B964A}.Ad-Hoc|ARM.Build.0 = Release|ARM
		{59C5393A-6D73-4FD0-9731-2674274B964A}.Ad-Hoc|ARM.Deploy.0 = Release|ARM
		{59C5393A-6D73-4FD0-9731-2674274B964A}.Ad-Hoc|iPhone.ActiveCfg = Release|Any CPU
		{59C5393A-6D73-4FD0-9731-2674274B964A}.Ad-Hoc|iPhoneSimulator.ActiveCfg = Release|Any CPU
		{59C5393A-6D73-4FD0-9731-2674274B964A}.Ad-Hoc|x86.ActiveCfg = Release|x86
		{59C5393A-6D73-4FD0-9731-2674274B964A}.Ad-Hoc|x86.Build.0 = Release|x86
		{59C5393A-6D73-4FD0-9731-2674274B964A}.Ad-Hoc|x86.Deploy.0 = Release|x86
		{59C5393A-6D73-4FD0-9731-2674274B964A}.AppStore|Any CPU.ActiveCfg = Release|Any CPU
		{59C5393A-6D73-4FD0-9731-2674274B964A}.AppStore|Any CPU.Build.0 = Release|Any CPU
		{59C5393A-6D73-4FD0-9731-2674274B964A}.AppStore|Any CPU.Deploy.0 = Release|Any CPU
		{59C5393A-6D73-4FD0-9731-2674274B964A}.AppStore|ARM.ActiveCfg = Release|ARM
		{59C5393A-6D73-4FD0-9731-2674274B964A}.AppStore|ARM.Build.0 = Release|ARM
		{59C5393A-6D73-4FD0-9731-2674274B964A}.AppStore|ARM.Deploy.0 = Release|ARM
		{59C5393A-6D73-4FD0-9731-2674274B964A}.AppStore|iPhone.ActiveCfg = Release|Any CPU
		{59C5393A-6D73-4FD0-9731-2674274B964A}.AppStore|iPhoneSimulator.ActiveCfg = Release|Any CPU
		{59C5393A-6D73-4FD0-9731-2674274B964A}.AppStore|x86.ActiveCfg = Release|x86
		{59C5393A-6D73-4FD0-9731-2674274B964A}.AppStore|x86.Build.0 = Release|x86
		{59C5393A-6D73-4FD0-9731-2674274B964A}.AppStore|x86.Deploy.0 = Release|x86
		{59C5393A-6D73-4FD0-9731-2674274B964A}.Debug|Any CPU.ActiveCfg = Debug|Any CPU
		{59C5393A-6D73-4FD0-9731-2674274B964A}.Debug|Any CPU.Build.0 = Debug|Any CPU
		{59C5393A-6D73-4FD0-9731-2674274B964A}.Debug|Any CPU.Deploy.0 = Debug|Any CPU
		{59C5393A-6D73-4FD0-9731-2674274B964A}.Debug|ARM.ActiveCfg = Debug|ARM
		{59C5393A-6D73-4FD0-9731-2674274B964A}.Debug|ARM.Build.0 = Debug|ARM
		{59C5393A-6D73-4FD0-9731-2674274B964A}.Debug|ARM.Deploy.0 = Debug|ARM
		{59C5393A-6D73-4FD0-9731-2674274B964A}.Debug|iPhone.ActiveCfg = Debug|Any CPU
		{59C5393A-6D73-4FD0-9731-2674274B964A}.Debug|iPhoneSimulator.ActiveCfg = Debug|Any CPU
		{59C5393A-6D73-4FD0-9731-2674274B964A}.Debug|x86.ActiveCfg = Debug|x86
		{59C5393A-6D73-4FD0-9731-2674274B964A}.Debug|x86.Build.0 = Debug|x86
		{59C5393A-6D73-4FD0-9731-2674274B964A}.Debug|x86.Deploy.0 = Debug|x86
		{59C5393A-6D73-4FD0-9731-2674274B964A}.Release|Any CPU.ActiveCfg = Release|Any CPU
		{59C5393A-6D73-4FD0-9731-2674274B964A}.Release|Any CPU.Build.0 = Release|Any CPU
		{59C5393A-6D73-4FD0-9731-2674274B964A}.Release|Any CPU.Deploy.0 = Release|Any CPU
		{59C5393A-6D73-4FD0-9731-2674274B964A}.Release|ARM.ActiveCfg = Release|ARM
		{59C5393A-6D73-4FD0-9731-2674274B964A}.Release|ARM.Build.0 = Release|ARM
		{59C5393A-6D73-4FD0-9731-2674274B964A}.Release|ARM.Deploy.0 = Release|ARM
		{59C5393A-6D73-4FD0-9731-2674274B964A}.Release|iPhone.ActiveCfg = Release|Any CPU
		{59C5393A-6D73-4FD0-9731-2674274B964A}.Release|iPhoneSimulator.ActiveCfg = Release|Any CPU
		{59C5393A-6D73-4FD0-9731-2674274B964A}.Release|x86.ActiveCfg = Release|x86
		{59C5393A-6D73-4FD0-9731-2674274B964A}.Release|x86.Build.0 = Release|x86
		{59C5393A-6D73-4FD0-9731-2674274B964A}.Release|x86.Deploy.0 = Release|x86
		{6C784F39-45A1-49CE-AE3E-4D69CBE9FAA1}.Ad-Hoc|Any CPU.ActiveCfg = Debug|Any CPU
		{6C784F39-45A1-49CE-AE3E-4D69CBE9FAA1}.Ad-Hoc|ARM.ActiveCfg = Debug|Any CPU
		{6C784F39-45A1-49CE-AE3E-4D69CBE9FAA1}.Ad-Hoc|iPhone.ActiveCfg = Release|Any CPU
		{6C784F39-45A1-49CE-AE3E-4D69CBE9FAA1}.Ad-Hoc|iPhone.Build.0 = Release|Any CPU
		{6C784F39-45A1-49CE-AE3E-4D69CBE9FAA1}.Ad-Hoc|iPhoneSimulator.ActiveCfg = Debug|Any CPU
		{6C784F39-45A1-49CE-AE3E-4D69CBE9FAA1}.Ad-Hoc|x86.ActiveCfg = Debug|Any CPU
		{6C784F39-45A1-49CE-AE3E-4D69CBE9FAA1}.AppStore|Any CPU.ActiveCfg = Debug|Any CPU
		{6C784F39-45A1-49CE-AE3E-4D69CBE9FAA1}.AppStore|ARM.ActiveCfg = Debug|Any CPU
		{6C784F39-45A1-49CE-AE3E-4D69CBE9FAA1}.AppStore|iPhone.ActiveCfg = Release|Any CPU
		{6C784F39-45A1-49CE-AE3E-4D69CBE9FAA1}.AppStore|iPhone.Build.0 = Release|Any CPU
		{6C784F39-45A1-49CE-AE3E-4D69CBE9FAA1}.AppStore|iPhoneSimulator.ActiveCfg = Debug|Any CPU
		{6C784F39-45A1-49CE-AE3E-4D69CBE9FAA1}.AppStore|x86.ActiveCfg = Debug|Any CPU
		{6C784F39-45A1-49CE-AE3E-4D69CBE9FAA1}.Debug|Any CPU.ActiveCfg = Debug|Any CPU
		{6C784F39-45A1-49CE-AE3E-4D69CBE9FAA1}.Debug|Any CPU.Build.0 = Debug|Any CPU
		{6C784F39-45A1-49CE-AE3E-4D69CBE9FAA1}.Debug|ARM.ActiveCfg = Debug|Any CPU
		{6C784F39-45A1-49CE-AE3E-4D69CBE9FAA1}.Debug|iPhone.ActiveCfg = Debug|Any CPU
		{6C784F39-45A1-49CE-AE3E-4D69CBE9FAA1}.Debug|iPhone.Build.0 = Debug|Any CPU
		{6C784F39-45A1-49CE-AE3E-4D69CBE9FAA1}.Debug|iPhoneSimulator.ActiveCfg = Debug|Any CPU
		{6C784F39-45A1-49CE-AE3E-4D69CBE9FAA1}.Debug|iPhoneSimulator.Build.0 = Debug|Any CPU
		{6C784F39-45A1-49CE-AE3E-4D69CBE9FAA1}.Debug|x86.ActiveCfg = Debug|Any CPU
		{6C784F39-45A1-49CE-AE3E-4D69CBE9FAA1}.Release|Any CPU.ActiveCfg = Release|Any CPU
		{6C784F39-45A1-49CE-AE3E-4D69CBE9FAA1}.Release|Any CPU.Build.0 = Release|Any CPU
		{6C784F39-45A1-49CE-AE3E-4D69CBE9FAA1}.Release|ARM.ActiveCfg = Release|Any CPU
		{6C784F39-45A1-49CE-AE3E-4D69CBE9FAA1}.Release|iPhone.ActiveCfg = Release|Any CPU
		{6C784F39-45A1-49CE-AE3E-4D69CBE9FAA1}.Release|iPhone.Build.0 = Release|Any CPU
		{6C784F39-45A1-49CE-AE3E-4D69CBE9FAA1}.Release|iPhoneSimulator.ActiveCfg = Release|Any CPU
		{6C784F39-45A1-49CE-AE3E-4D69CBE9FAA1}.Release|iPhoneSimulator.Build.0 = Release|Any CPU
		{6C784F39-45A1-49CE-AE3E-4D69CBE9FAA1}.Release|x86.ActiveCfg = Release|Any CPU
		{7856EE61-CC3D-4D70-A895-1E82E36E575F}.Ad-Hoc|Any CPU.ActiveCfg = Release|Any CPU
		{7856EE61-CC3D-4D70-A895-1E82E36E575F}.Ad-Hoc|ARM.ActiveCfg = Release|Any CPU
		{7856EE61-CC3D-4D70-A895-1E82E36E575F}.Ad-Hoc|iPhone.ActiveCfg = Debug|Any CPU
		{7856EE61-CC3D-4D70-A895-1E82E36E575F}.Ad-Hoc|iPhone.Build.0 = Debug|Any CPU
		{7856EE61-CC3D-4D70-A895-1E82E36E575F}.Ad-Hoc|iPhoneSimulator.ActiveCfg = Release|Any CPU
		{7856EE61-CC3D-4D70-A895-1E82E36E575F}.Ad-Hoc|x86.ActiveCfg = Release|Any CPU
		{7856EE61-CC3D-4D70-A895-1E82E36E575F}.AppStore|Any CPU.ActiveCfg = Release|Any CPU
		{7856EE61-CC3D-4D70-A895-1E82E36E575F}.AppStore|ARM.ActiveCfg = Release|Any CPU
		{7856EE61-CC3D-4D70-A895-1E82E36E575F}.AppStore|iPhone.ActiveCfg = Debug|Any CPU
		{7856EE61-CC3D-4D70-A895-1E82E36E575F}.AppStore|iPhone.Build.0 = Debug|Any CPU
		{7856EE61-CC3D-4D70-A895-1E82E36E575F}.AppStore|iPhoneSimulator.ActiveCfg = Release|Any CPU
		{7856EE61-CC3D-4D70-A895-1E82E36E575F}.AppStore|x86.ActiveCfg = Release|Any CPU
		{7856EE61-CC3D-4D70-A895-1E82E36E575F}.Debug|Any CPU.ActiveCfg = Debug|Any CPU
		{7856EE61-CC3D-4D70-A895-1E82E36E575F}.Debug|Any CPU.Build.0 = Debug|Any CPU
		{7856EE61-CC3D-4D70-A895-1E82E36E575F}.Debug|ARM.ActiveCfg = Debug|Any CPU
		{7856EE61-CC3D-4D70-A895-1E82E36E575F}.Debug|iPhone.ActiveCfg = Debug|Any CPU
		{7856EE61-CC3D-4D70-A895-1E82E36E575F}.Debug|iPhone.Build.0 = Debug|Any CPU
		{7856EE61-CC3D-4D70-A895-1E82E36E575F}.Debug|iPhoneSimulator.ActiveCfg = Debug|Any CPU
		{7856EE61-CC3D-4D70-A895-1E82E36E575F}.Debug|iPhoneSimulator.Build.0 = Debug|Any CPU
		{7856EE61-CC3D-4D70-A895-1E82E36E575F}.Debug|x86.ActiveCfg = Debug|Any CPU
		{7856EE61-CC3D-4D70-A895-1E82E36E575F}.Release|Any CPU.ActiveCfg = Release|Any CPU
		{7856EE61-CC3D-4D70-A895-1E82E36E575F}.Release|Any CPU.Build.0 = Release|Any CPU
		{7856EE61-CC3D-4D70-A895-1E82E36E575F}.Release|ARM.ActiveCfg = Release|Any CPU
		{7856EE61-CC3D-4D70-A895-1E82E36E575F}.Release|iPhone.ActiveCfg = Release|Any CPU
		{7856EE61-CC3D-4D70-A895-1E82E36E575F}.Release|iPhone.Build.0 = Release|Any CPU
		{7856EE61-CC3D-4D70-A895-1E82E36E575F}.Release|iPhoneSimulator.ActiveCfg = Release|Any CPU
		{7856EE61-CC3D-4D70-A895-1E82E36E575F}.Release|iPhoneSimulator.Build.0 = Release|Any CPU
		{7856EE61-CC3D-4D70-A895-1E82E36E575F}.Release|x86.ActiveCfg = Release|Any CPU
	EndGlobalSection
	GlobalSection(SolutionProperties) = preSolution
		HideSolutionNode = FALSE
	EndGlobalSection
EndGlobal
