
Microsoft Visual Studio Solution File, Format Version 12.00
# Visual Studio 2012
Project("{FAE04EC0-301F-11D3-BF4B-00C04F79EFBC}") = "WhatDayPCL", "WhatDayPCL.csproj", "{7856EE61-CC3D-4D70-A895-1E82E36E575F}"
EndProject
Project("{FAE04EC0-301F-11D3-BF4B-00C04F79EFBC}") = "WhatDayPCL.iOS", "iOS\WhatDayPCL.iOS.csproj", "{0BE64460-67BA-4C70-96BF-44D30E92A8EF}"
EndProject
Project("{FAE04EC0-301F-11D3-BF4B-00C04F79EFBC}") = "WhatDayPCL.Droid", "Droid\WhatDayPCL.Droid.csproj", "{6C784F39-45A1-49CE-AE3E-4D69CBE9FAA1}"
EndProject
Global
	GlobalSection(SolutionConfigurationPlatforms) = preSolution
		Debug|Any CPU = Debug|Any CPU
		Release|Any CPU = Release|Any CPU
		Debug|iPhoneSimulator = Debug|iPhoneSimulator
		Release|iPhoneSimulator = Release|iPhoneSimulator
		Debug|iPhone = Debug|iPhone
		Release|iPhone = Release|iPhone
		Ad-Hoc|iPhone = Ad-Hoc|iPhone
		AppStore|iPhone = AppStore|iPhone
	EndGlobalSection
	GlobalSection(ProjectConfigurationPlatforms) = postSolution
		{0BE64460-67BA-4C70-96BF-44D30E92A8EF}.Ad-Hoc|iPhone.ActiveCfg = Ad-Hoc|iPhone
		{0BE64460-67BA-4C70-96BF-44D30E92A8EF}.Ad-Hoc|iPhone.Build.0 = Ad-Hoc|iPhone
		{0BE64460-67BA-4C70-96BF-44D30E92A8EF}.AppStore|iPhone.ActiveCfg = AppStore|iPhone
		{0BE64460-67BA-4C70-96BF-44D30E92A8EF}.AppStore|iPhone.Build.0 = AppStore|iPhone
		{0BE64460-67BA-4C70-96BF-44D30E92A8EF}.Debug|Any CPU.ActiveCfg = Debug|iPhoneSimulator
		{0BE64460-67BA-4C70-96BF-44D30E92A8EF}.Debug|Any CPU.Build.0 = Debug|iPhoneSimulator
		{0BE64460-67BA-4C70-96BF-44D30E92A8EF}.Debug|iPhone.ActiveCfg = Debug|iPhone
		{0BE64460-67BA-4C70-96BF-44D30E92A8EF}.Debug|iPhone.Build.0 = Debug|iPhone
		{0BE64460-67BA-4C70-96BF-44D30E92A8EF}.Debug|iPhoneSimulator.ActiveCfg = Debug|iPhoneSimulator
		{0BE64460-67BA-4C70-96BF-44D30E92A8EF}.Debug|iPhoneSimulator.Build.0 = Debug|iPhoneSimulator
		{0BE64460-67BA-4C70-96BF-44D30E92A8EF}.Release|Any CPU.ActiveCfg = Release|iPhoneSimulator
		{0BE64460-67BA-4C70-96BF-44D30E92A8EF}.Release|Any CPU.Build.0 = Release|iPhoneSimulator
		{0BE64460-67BA-4C70-96BF-44D30E92A8EF}.Release|iPhone.ActiveCfg = Release|iPhone
		{0BE64460-67BA-4C70-96BF-44D30E92A8EF}.Release|iPhone.Build.0 = Release|iPhone
		{0BE64460-67BA-4C70-96BF-44D30E92A8EF}.Release|iPhoneSimulator.ActiveCfg = Release|iPhoneSimulator
		{0BE64460-67BA-4C70-96BF-44D30E92A8EF}.Release|iPhoneSimulator.Build.0 = Release|iPhoneSimulator
		{6C784F39-45A1-49CE-AE3E-4D69CBE9FAA1}.Ad-Hoc|iPhone.ActiveCfg = Release|Any CPU
		{6C784F39-45A1-49CE-AE3E-4D69CBE9FAA1}.Ad-Hoc|iPhone.Build.0 = Release|Any CPU
		{6C784F39-45A1-49CE-AE3E-4D69CBE9FAA1}.AppStore|iPhone.ActiveCfg = Release|Any CPU
		{6C784F39-45A1-49CE-AE3E-4D69CBE9FAA1}.AppStore|iPhone.Build.0 = Release|Any CPU
		{6C784F39-45A1-49CE-AE3E-4D69CBE9FAA1}.Debug|Any CPU.ActiveCfg = Debug|Any CPU
		{6C784F39-45A1-49CE-AE3E-4D69CBE9FAA1}.Debug|Any CPU.Build.0 = Debug|Any CPU
		{6C784F39-45A1-49CE-AE3E-4D69CBE9FAA1}.Debug|iPhone.ActiveCfg = Debug|Any CPU
		{6C784F39-45A1-49CE-AE3E-4D69CBE9FAA1}.Debug|iPhone.Build.0 = Debug|Any CPU
		{6C784F39-45A1-49CE-AE3E-4D69CBE9FAA1}.Debug|iPhoneSimulator.ActiveCfg = Debug|Any CPU
		{6C784F39-45A1-49CE-AE3E-4D69CBE9FAA1}.Debug|iPhoneSimulator.Build.0 = Debug|Any CPU
		{6C784F39-45A1-49CE-AE3E-4D69CBE9FAA1}.Release|Any CPU.ActiveCfg = Release|Any CPU
		{6C784F39-45A1-49CE-AE3E-4D69CBE9FAA1}.Release|Any CPU.Build.0 = Release|Any CPU
		{6C784F39-45A1-49CE-AE3E-4D69CBE9FAA1}.Release|iPhone.ActiveCfg = Release|Any CPU
		{6C784F39-45A1-49CE-AE3E-4D69CBE9FAA1}.Release|iPhone.Build.0 = Release|Any CPU
		{6C784F39-45A1-49CE-AE3E-4D69CBE9FAA1}.Release|iPhoneSimulator.ActiveCfg = Release|Any CPU
		{6C784F39-45A1-49CE-AE3E-4D69CBE9FAA1}.Release|iPhoneSimulator.Build.0 = Release|Any CPU
		{7856EE61-CC3D-4D70-A895-1E82E36E575F}.Ad-Hoc|iPhone.ActiveCfg = Debug|Any CPU
		{7856EE61-CC3D-4D70-A895-1E82E36E575F}.Ad-Hoc|iPhone.Build.0 = Debug|Any CPU
		{7856EE61-CC3D-4D70-A895-1E82E36E575F}.AppStore|iPhone.ActiveCfg = Debug|Any CPU
		{7856EE61-CC3D-4D70-A895-1E82E36E575F}.AppStore|iPhone.Build.0 = Debug|Any CPU
		{7856EE61-CC3D-4D70-A895-1E82E36E575F}.Debug|Any CPU.ActiveCfg = Debug|Any CPU
		{7856EE61-CC3D-4D70-A895-1E82E36E575F}.Debug|Any CPU.Build.0 = Debug|Any CPU
		{7856EE61-CC3D-4D70-A895-1E82E36E575F}.Debug|iPhone.ActiveCfg = Debug|Any CPU
		{7856EE61-CC3D-4D70-A895-1E82E36E575F}.Debug|iPhone.Build.0 = Debug|Any CPU
		{7856EE61-CC3D-4D70-A895-1E82E36E575F}.Debug|iPhoneSimulator.ActiveCfg = Debug|Any CPU
		{7856EE61-CC3D-4D70-A895-1E82E36E575F}.Debug|iPhoneSimulator.Build.0 = Debug|Any CPU
		{7856EE61-CC3D-4D70-A895-1E82E36E575F}.Release|Any CPU.ActiveCfg = Release|Any CPU
		{7856EE61-CC3D-4D70-A895-1E82E36E575F}.Release|Any CPU.Build.0 = Release|Any CPU
		{7856EE61-CC3D-4D70-A895-1E82E36E575F}.Release|iPhone.ActiveCfg = Release|Any CPU
		{7856EE61-CC3D-4D70-A895-1E82E36E575F}.Release|iPhone.Build.0 = Release|Any CPU
		{7856EE61-CC3D-4D70-A895-1E82E36E575F}.Release|iPhoneSimulator.ActiveCfg = Release|Any CPU
		{7856EE61-CC3D-4D70-A895-1E82E36E575F}.Release|iPhoneSimulator.Build.0 = Release|Any CPU
	EndGlobalSection
EndGlobal
